
Microsoft Visual Studio Solution File, Format Version 12.00
# Visual Studio Version 17
VisualStudioVersion = 17.14.36221.1 d17.14
MinimumVisualStudioVersion = 10.0.40219.1
Project("{FAE04EC0-301F-11D3-BF4B-00C04F79EFBC}") = "MiniCaixaEletronicoMVC2", "MiniCaixaEletronicoMVC2\MiniCaixaEletronicoMVC2.csproj", "{44179805-DFF4-4715-8802-1C3D636BB561}"
EndProject
Global
	GlobalSection(SolutionConfigurationPlatforms) = preSolution
		Debug|Any CPU = Debug|Any CPU
		Release|Any CPU = Release|Any CPU
	EndGlobalSection
	GlobalSection(ProjectConfigurationPlatforms) = postSolution
		{44179805-DFF4-4715-8802-1C3D636BB561}.Debug|Any CPU.ActiveCfg = Debug|Any CPU
		{44179805-DFF4-4715-8802-1C3D636BB561}.Debug|Any CPU.Build.0 = Debug|Any CPU
		{44179805-DFF4-4715-8802-1C3D636BB561}.Release|Any CPU.ActiveCfg = Release|Any CPU
		{44179805-DFF4-4715-8802-1C3D636BB561}.Release|Any CPU.Build.0 = Release|Any CPU
	EndGlobalSection
	GlobalSection(SolutionProperties) = preSolution
		HideSolutionNode = FALSE
	EndGlobalSection
	GlobalSection(ExtensibilityGlobals) = postSolution
		SolutionGuid = {CAD5D75D-BF29-4D6D-BA9A-761D49EF5207}
	EndGlobalSection
EndGlobal
